// !$*UTF8*$!
{
	archiveVersion = 1;
	classes = {
	};
	objectVersion = 50;
	objects = {

/* Begin PBXBuildFile section */
		97815DD0228089AB00ACE0DB /* Assets.xcassets in Sources */ = {isa = PBXBuildFile; fileRef = 97F64466228081D3003A8804 /* Assets.xcassets */; };
		97F6445D228081D3003A8804 /* AppDelegate.swift in Sources */ = {isa = PBXBuildFile; fileRef = 97F6445C228081D3003A8804 /* AppDelegate.swift */; };
		97F64465228081D3003A8804 /* Checklist_App.xcdatamodeld in Sources */ = {isa = PBXBuildFile; fileRef = 97F64463228081D3003A8804 /* Checklist_App.xcdatamodeld */; };
		97F6448122808206003A8804 /* volunteerTab.swift in Sources */ = {isa = PBXBuildFile; fileRef = 97F6447322808206003A8804 /* volunteerTab.swift */; };
		97F6448222808206003A8804 /* hubTableViewCell.swift in Sources */ = {isa = PBXBuildFile; fileRef = 97F6447522808206003A8804 /* hubTableViewCell.swift */; };
		97F6448322808206003A8804 /* missedWeeksCell.swift in Sources */ = {isa = PBXBuildFile; fileRef = 97F6447622808206003A8804 /* missedWeeksCell.swift */; };
		97F6448422808206003A8804 /* missedQuestionsCell.swift in Sources */ = {isa = PBXBuildFile; fileRef = 97F6447722808206003A8804 /* missedQuestionsCell.swift */; };
		97F6448522808206003A8804 /* averageTableViewCell.swift in Sources */ = {isa = PBXBuildFile; fileRef = 97F6447822808206003A8804 /* averageTableViewCell.swift */; };
		97F6448622808206003A8804 /* coachTableViewCell.swift in Sources */ = {isa = PBXBuildFile; fileRef = 97F6447922808206003A8804 /* coachTableViewCell.swift */; };
		97F6448722808206003A8804 /* coachHub.swift in Sources */ = {isa = PBXBuildFile; fileRef = 97F6447A22808206003A8804 /* coachHub.swift */; };
		97F6448822808206003A8804 /* rootController.swift in Sources */ = {isa = PBXBuildFile; fileRef = 97F6447B22808206003A8804 /* rootController.swift */; };
		97F6448922808206003A8804 /* weeklyData.swift in Sources */ = {isa = PBXBuildFile; fileRef = 97F6447C22808206003A8804 /* weeklyData.swift */; };
		97F6448A22808206003A8804 /* functions.swift in Sources */ = {isa = PBXBuildFile; fileRef = 97F6447D22808206003A8804 /* functions.swift */; };
		97F6448B22808206003A8804 /* volunteerDataView.swift in Sources */ = {isa = PBXBuildFile; fileRef = 97F6447E22808206003A8804 /* volunteerDataView.swift */; };
		97F6448C22808206003A8804 /* questionController.swift in Sources */ = {isa = PBXBuildFile; fileRef = 97F6447F22808206003A8804 /* questionController.swift */; };
		97F6448F22808287003A8804 /* Volunteer+CoreDataClass.swift in Sources */ = {isa = PBXBuildFile; fileRef = 97F6448D22808287003A8804 /* Volunteer+CoreDataClass.swift */; };
		97F6449022808287003A8804 /* Volunteer+CoreDataProperties.swift in Sources */ = {isa = PBXBuildFile; fileRef = 97F6448E22808287003A8804 /* Volunteer+CoreDataProperties.swift */; };
/* End PBXBuildFile section */

/* Begin PBXFileReference section */
		97F64459228081D3003A8804 /* Checklist App.app */ = {isa = PBXFileReference; explicitFileType = wrapper.application; includeInIndex = 0; path = "Checklist App.app"; sourceTree = BUILT_PRODUCTS_DIR; };
		97F6445C228081D3003A8804 /* AppDelegate.swift */ = {isa = PBXFileReference; lastKnownFileType = sourcecode.swift; path = AppDelegate.swift; sourceTree = "<group>"; };
		97F64464228081D3003A8804 /* Checklist_App.xcdatamodel */ = {isa = PBXFileReference; lastKnownFileType = wrapper.xcdatamodel; path = Checklist_App.xcdatamodel; sourceTree = "<group>"; };
		97F64466228081D3003A8804 /* Assets.xcassets */ = {isa = PBXFileReference; lastKnownFileType = folder.assetcatalog; path = Assets.xcassets; sourceTree = "<group>"; };
		97F64469228081D3003A8804 /* Base */ = {isa = PBXFileReference; lastKnownFileType = file.storyboard; name = Base; path = Base.lproj/LaunchScreen.storyboard; sourceTree = "<group>"; };
		97F6446B228081D3003A8804 /* Info.plist */ = {isa = PBXFileReference; lastKnownFileType = text.plist.xml; path = Info.plist; sourceTree = "<group>"; };
		97F6447122808206003A8804 /* Main.storyboard */ = {isa = PBXFileReference; fileEncoding = 4; lastKnownFileType = file.storyboard; path = Main.storyboard; sourceTree = "<group>"; };
		97F6447322808206003A8804 /* volunteerTab.swift */ = {isa = PBXFileReference; fileEncoding = 4; lastKnownFileType = sourcecode.swift; path = volunteerTab.swift; sourceTree = "<group>"; };
		97F6447522808206003A8804 /* hubTableViewCell.swift */ = {isa = PBXFileReference; fileEncoding = 4; lastKnownFileType = sourcecode.swift; path = hubTableViewCell.swift; sourceTree = "<group>"; };
		97F6447622808206003A8804 /* missedWeeksCell.swift */ = {isa = PBXFileReference; fileEncoding = 4; lastKnownFileType = sourcecode.swift; path = missedWeeksCell.swift; sourceTree = "<group>"; };
		97F6447722808206003A8804 /* missedQuestionsCell.swift */ = {isa = PBXFileReference; fileEncoding = 4; lastKnownFileType = sourcecode.swift; path = missedQuestionsCell.swift; sourceTree = "<group>"; };
		97F6447822808206003A8804 /* averageTableViewCell.swift */ = {isa = PBXFileReference; fileEncoding = 4; lastKnownFileType = sourcecode.swift; path = averageTableViewCell.swift; sourceTree = "<group>"; };
		97F6447922808206003A8804 /* coachTableViewCell.swift */ = {isa = PBXFileReference; fileEncoding = 4; lastKnownFileType = sourcecode.swift; path = coachTableViewCell.swift; sourceTree = "<group>"; };
		97F6447A22808206003A8804 /* coachHub.swift */ = {isa = PBXFileReference; fileEncoding = 4; lastKnownFileType = sourcecode.swift; path = coachHub.swift; sourceTree = "<group>"; };
		97F6447B22808206003A8804 /* rootController.swift */ = {isa = PBXFileReference; fileEncoding = 4; lastKnownFileType = sourcecode.swift; path = rootController.swift; sourceTree = "<group>"; };
		97F6447C22808206003A8804 /* weeklyData.swift */ = {isa = PBXFileReference; fileEncoding = 4; lastKnownFileType = sourcecode.swift; path = weeklyData.swift; sourceTree = "<group>"; };
		97F6447D22808206003A8804 /* functions.swift */ = {isa = PBXFileReference; fileEncoding = 4; lastKnownFileType = sourcecode.swift; path = functions.swift; sourceTree = "<group>"; };
		97F6447E22808206003A8804 /* volunteerDataView.swift */ = {isa = PBXFileReference; fileEncoding = 4; lastKnownFileType = sourcecode.swift; path = volunteerDataView.swift; sourceTree = "<group>"; };
		97F6447F22808206003A8804 /* questionController.swift */ = {isa = PBXFileReference; fileEncoding = 4; lastKnownFileType = sourcecode.swift; path = questionController.swift; sourceTree = "<group>"; };
		97F6448D22808287003A8804 /* Volunteer+CoreDataClass.swift */ = {isa = PBXFileReference; lastKnownFileType = sourcecode.swift; path = "Volunteer+CoreDataClass.swift"; sourceTree = "<group>"; };
		97F6448E22808287003A8804 /* Volunteer+CoreDataProperties.swift */ = {isa = PBXFileReference; lastKnownFileType = sourcecode.swift; path = "Volunteer+CoreDataProperties.swift"; sourceTree = "<group>"; };
/* End PBXFileReference section */

/* Begin PBXFrameworksBuildPhase section */
		97F64456228081D3003A8804 /* Frameworks */ = {
			isa = PBXFrameworksBuildPhase;
			buildActionMask = 2147483647;
			files = (
			);
			runOnlyForDeploymentPostprocessing = 0;
		};
/* End PBXFrameworksBuildPhase section */

/* Begin PBXGroup section */
		97F64450228081D3003A8804 = {
			isa = PBXGroup;
			children = (
				97F6445B228081D3003A8804 /* Checklist App */,
				97F6445A228081D3003A8804 /* Products */,
			);
			sourceTree = "<group>";
		};
		97F6445A228081D3003A8804 /* Products */ = {
			isa = PBXGroup;
			children = (
				97F64459228081D3003A8804 /* Checklist App.app */,
			);
			name = Products;
			sourceTree = "<group>";
		};
		97F6445B228081D3003A8804 /* Checklist App */ = {
			isa = PBXGroup;
			children = (
				97F6448D22808287003A8804 /* Volunteer+CoreDataClass.swift */,
				97F6448E22808287003A8804 /* Volunteer+CoreDataProperties.swift */,
				97F6445C228081D3003A8804 /* AppDelegate.swift */,
				97F6447222808206003A8804 /* View Controllers */,
				97F6447122808206003A8804 /* Main.storyboard */,
				97F64466228081D3003A8804 /* Assets.xcassets */,
				97F64468228081D3003A8804 /* LaunchScreen.storyboard */,
				97F6446B228081D3003A8804 /* Info.plist */,
				97F64463228081D3003A8804 /* Checklist_App.xcdatamodeld */,
			);
			path = "Checklist App";
			sourceTree = "<group>";
		};
		97F6447222808206003A8804 /* View Controllers */ = {
			isa = PBXGroup;
			children = (
				97F6447422808206003A8804 /* Cells */,
				97F6447D22808206003A8804 /* functions.swift */,
				97F6447322808206003A8804 /* volunteerTab.swift */,
				97F6447F22808206003A8804 /* questionController.swift */,
				97F6447B22808206003A8804 /* rootController.swift */,
				97F6447C22808206003A8804 /* weeklyData.swift */,
				97F6447A22808206003A8804 /* coachHub.swift */,
				97F6447E22808206003A8804 /* volunteerDataView.swift */,
			);
			path = "View Controllers";
			sourceTree = "<group>";
		};
		97F6447422808206003A8804 /* Cells */ = {
			isa = PBXGroup;
			children = (
				97F6447522808206003A8804 /* hubTableViewCell.swift */,
				97F6447622808206003A8804 /* missedWeeksCell.swift */,
				97F6447722808206003A8804 /* missedQuestionsCell.swift */,
				97F6447822808206003A8804 /* averageTableViewCell.swift */,
				97F6447922808206003A8804 /* coachTableViewCell.swift */,
			);
			path = Cells;
			sourceTree = "<group>";
		};
/* End PBXGroup section */

/* Begin PBXNativeTarget section */
		97F64458228081D3003A8804 /* Checklist App */ = {
			isa = PBXNativeTarget;
			buildConfigurationList = 97F6446E228081D3003A8804 /* Build configuration list for PBXNativeTarget "Checklist App" */;
			buildPhases = (
				97F64455228081D3003A8804 /* Sources */,
				97F64456228081D3003A8804 /* Frameworks */,
				97F64457228081D3003A8804 /* Resources */,
			);
			buildRules = (
			);
			dependencies = (
			);
			name = "Checklist App";
			productName = "Checklist App";
			productReference = 97F64459228081D3003A8804 /* Checklist App.app */;
			productType = "com.apple.product-type.application";
		};
/* End PBXNativeTarget section */

/* Begin PBXProject section */
		97F64451228081D3003A8804 /* Project object */ = {
			isa = PBXProject;
			attributes = {
				LastSwiftUpdateCheck = 1020;
				LastUpgradeCheck = 1020;
				ORGANIZATIONNAME = "Life North Church";
				TargetAttributes = {
					97F64458228081D3003A8804 = {
						CreatedOnToolsVersion = 10.2.1;
					};
				};
			};
			buildConfigurationList = 97F64454228081D3003A8804 /* Build configuration list for PBXProject "Checklist App" */;
			compatibilityVersion = "Xcode 9.3";
			developmentRegion = en;
			hasScannedForEncodings = 0;
			knownRegions = (
				en,
				Base,
			);
			mainGroup = 97F64450228081D3003A8804;
			productRefGroup = 97F6445A228081D3003A8804 /* Products */;
			projectDirPath = "";
			projectRoot = "";
			targets = (
				97F64458228081D3003A8804 /* Checklist App */,
			);
		};
/* End PBXProject section */

/* Begin PBXResourcesBuildPhase section */
		97F64457228081D3003A8804 /* Resources */ = {
			isa = PBXResourcesBuildPhase;
			buildActionMask = 2147483647;
			files = (
			);
			runOnlyForDeploymentPostprocessing = 0;
		};
/* End PBXResourcesBuildPhase section */

/* Begin PBXSourcesBuildPhase section */
		97F64455228081D3003A8804 /* Sources */ = {
			isa = PBXSourcesBuildPhase;
			buildActionMask = 2147483647;
			files = (
				97F6448722808206003A8804 /* coachHub.swift in Sources */,
				97F6448322808206003A8804 /* missedWeeksCell.swift in Sources */,
				97F6448F22808287003A8804 /* Volunteer+CoreDataClass.swift in Sources */,
				97F6448122808206003A8804 /* volunteerTab.swift in Sources */,
				97F6448822808206003A8804 /* rootController.swift in Sources */,
				97F6448A22808206003A8804 /* functions.swift in Sources */,
				97F6448422808206003A8804 /* missedQuestionsCell.swift in Sources */,
				97F6448522808206003A8804 /* averageTableViewCell.swift in Sources */,
				97F6448622808206003A8804 /* coachTableViewCell.swift in Sources */,
				97F64465228081D3003A8804 /* Checklist_App.xcdatamodeld in Sources */,
				97F6448222808206003A8804 /* hubTableViewCell.swift in Sources */,
				97F6448B22808206003A8804 /* volunteerDataView.swift in Sources */,
				97F6449022808287003A8804 /* Volunteer+CoreDataProperties.swift in Sources */,
				97F6448922808206003A8804 /* weeklyData.swift in Sources */,
				97F6448C22808206003A8804 /* questionController.swift in Sources */,
				97F6445D228081D3003A8804 /* AppDelegate.swift in Sources */,
				97815DD0228089AB00ACE0DB /* Assets.xcassets in Sources */,
			);
			runOnlyForDeploymentPostprocessing = 0;
		};
/* End PBXSourcesBuildPhase section */

/* Begin PBXVariantGroup section */
		97F64468228081D3003A8804 /* LaunchScreen.storyboard */ = {
			isa = PBXVariantGroup;
			children = (
				97F64469228081D3003A8804 /* Base */,
			);
			name = LaunchScreen.storyboard;
			sourceTree = "<group>";
		};
/* End PBXVariantGroup section */

/* Begin XCBuildConfiguration section */
		97F6446C228081D3003A8804 /* Debug */ = {
			isa = XCBuildConfiguration;
			buildSettings = {
				ALWAYS_SEARCH_USER_PATHS = NO;
				CLANG_ANALYZER_NONNULL = YES;
				CLANG_ANALYZER_NUMBER_OBJECT_CONVERSION = YES_AGGRESSIVE;
				CLANG_CXX_LANGUAGE_STANDARD = "gnu++14";
				CLANG_CXX_LIBRARY = "libc++";
				CLANG_ENABLE_MODULES = YES;
				CLANG_ENABLE_OBJC_ARC = YES;
				CLANG_ENABLE_OBJC_WEAK = YES;
				CLANG_WARN_BLOCK_CAPTURE_AUTORELEASING = YES;
				CLANG_WARN_BOOL_CONVERSION = YES;
				CLANG_WARN_COMMA = YES;
				CLANG_WARN_CONSTANT_CONVERSION = YES;
				CLANG_WARN_DEPRECATED_OBJC_IMPLEMENTATIONS = YES;
				CLANG_WARN_DIRECT_OBJC_ISA_USAGE = YES_ERROR;
				CLANG_WARN_DOCUMENTATION_COMMENTS = YES;
				CLANG_WARN_EMPTY_BODY = YES;
				CLANG_WARN_ENUM_CONVERSION = YES;
				CLANG_WARN_INFINITE_RECURSION = YES;
				CLANG_WARN_INT_CONVERSION = YES;
				CLANG_WARN_NON_LITERAL_NULL_CONVERSION = YES;
				CLANG_WARN_OBJC_IMPLICIT_RETAIN_SELF = YES;
				CLANG_WARN_OBJC_LITERAL_CONVERSION = YES;
				CLANG_WARN_OBJC_ROOT_CLASS = YES_ERROR;
				CLANG_WARN_RANGE_LOOP_ANALYSIS = YES;
				CLANG_WARN_STRICT_PROTOTYPES = YES;
				CLANG_WARN_SUSPICIOUS_MOVE = YES;
				CLANG_WARN_UNGUARDED_AVAILABILITY = YES_AGGRESSIVE;
				CLANG_WARN_UNREACHABLE_CODE = YES;
				CLANG_WARN__DUPLICATE_METHOD_MATCH = YES;
				CODE_SIGN_IDENTITY = "iPhone Developer";
				COPY_PHASE_STRIP = NO;
				DEBUG_INFORMATION_FORMAT = dwarf;
				ENABLE_STRICT_OBJC_MSGSEND = YES;
				ENABLE_TESTABILITY = YES;
				GCC_C_LANGUAGE_STANDARD = gnu11;
				GCC_DYNAMIC_NO_PIC = NO;
				GCC_NO_COMMON_BLOCKS = YES;
				GCC_OPTIMIZATION_LEVEL = 0;
				GCC_PREPROCESSOR_DEFINITIONS = (
					"DEBUG=1",
					"$(inherited)",
				);
				GCC_WARN_64_TO_32_BIT_CONVERSION = YES;
				GCC_WARN_ABOUT_RETURN_TYPE = YES_ERROR;
				GCC_WARN_UNDECLARED_SELECTOR = YES;
				GCC_WARN_UNINITIALIZED_AUTOS = YES_AGGRESSIVE;
				GCC_WARN_UNUSED_FUNCTION = YES;
				GCC_WARN_UNUSED_VARIABLE = YES;
				IPHONEOS_DEPLOYMENT_TARGET = 12.2;
				MTL_ENABLE_DEBUG_INFO = INCLUDE_SOURCE;
				MTL_FAST_MATH = YES;
				ONLY_ACTIVE_ARCH = YES;
				SDKROOT = iphoneos;
				SWIFT_ACTIVE_COMPILATION_CONDITIONS = DEBUG;
				SWIFT_OPTIMIZATION_LEVEL = "-Onone";
			};
			name = Debug;
		};
		97F6446D228081D3003A8804 /* Release */ = {
			isa = XCBuildConfiguration;
			buildSettings = {
				ALWAYS_SEARCH_USER_PATHS = NO;
				CLANG_ANALYZER_NONNULL = YES;
				CLANG_ANALYZER_NUMBER_OBJECT_CONVERSION = YES_AGGRESSIVE;
				CLANG_CXX_LANGUAGE_STANDARD = "gnu++14";
				CLANG_CXX_LIBRARY = "libc++";
				CLANG_ENABLE_MODULES = YES;
				CLANG_ENABLE_OBJC_ARC = YES;
				CLANG_ENABLE_OBJC_WEAK = YES;
				CLANG_WARN_BLOCK_CAPTURE_AUTORELEASING = YES;
				CLANG_WARN_BOOL_CONVERSION = YES;
				CLANG_WARN_COMMA = YES;
				CLANG_WARN_CONSTANT_CONVERSION = YES;
				CLANG_WARN_DEPRECATED_OBJC_IMPLEMENTATIONS = YES;
				CLANG_WARN_DIRECT_OBJC_ISA_USAGE = YES_ERROR;
				CLANG_WARN_DOCUMENTATION_COMMENTS = YES;
				CLANG_WARN_EMPTY_BODY = YES;
				CLANG_WARN_ENUM_CONVERSION = YES;
				CLANG_WARN_INFINITE_RECURSION = YES;
				CLANG_WARN_INT_CONVERSION = YES;
				CLANG_WARN_NON_LITERAL_NULL_CONVERSION = YES;
				CLANG_WARN_OBJC_IMPLICIT_RETAIN_SELF = YES;
				CLANG_WARN_OBJC_LITERAL_CONVERSION = YES;
				CLANG_WARN_OBJC_ROOT_CLASS = YES_ERROR;
				CLANG_WARN_RANGE_LOOP_ANALYSIS = YES;
				CLANG_WARN_STRICT_PROTOTYPES = YES;
				CLANG_WARN_SUSPICIOUS_MOVE = YES;
				CLANG_WARN_UNGUARDED_AVAILABILITY = YES_AGGRESSIVE;
				CLANG_WARN_UNREACHABLE_CODE = YES;
				CLANG_WARN__DUPLICATE_METHOD_MATCH = YES;
				CODE_SIGN_IDENTITY = "iPhone Developer";
				COPY_PHASE_STRIP = NO;
				DEBUG_INFORMATION_FORMAT = "dwarf-with-dsym";
				ENABLE_NS_ASSERTIONS = NO;
				ENABLE_STRICT_OBJC_MSGSEND = YES;
				GCC_C_LANGUAGE_STANDARD = gnu11;
				GCC_NO_COMMON_BLOCKS = YES;
				GCC_WARN_64_TO_32_BIT_CONVERSION = YES;
				GCC_WARN_ABOUT_RETURN_TYPE = YES_ERROR;
				GCC_WARN_UNDECLARED_SELECTOR = YES;
				GCC_WARN_UNINITIALIZED_AUTOS = YES_AGGRESSIVE;
				GCC_WARN_UNUSED_FUNCTION = YES;
				GCC_WARN_UNUSED_VARIABLE = YES;
				IPHONEOS_DEPLOYMENT_TARGET = 12.2;
				MTL_ENABLE_DEBUG_INFO = NO;
				MTL_FAST_MATH = YES;
				SDKROOT = iphoneos;
				SWIFT_COMPILATION_MODE = wholemodule;
				SWIFT_OPTIMIZATION_LEVEL = "-O";
				VALIDATE_PRODUCT = YES;
			};
			name = Release;
		};
		97F6446F228081D3003A8804 /* Debug */ = {
			isa = XCBuildConfiguration;
			buildSettings = {
				ASSETCATALOG_COMPILER_APPICON_NAME = AppIcon;
				CODE_SIGN_STYLE = Automatic;
				DEVELOPMENT_TEAM = 48V3J7K575;
				INFOPLIST_FILE = "Checklist App/Info.plist";
				LD_RUNPATH_SEARCH_PATHS = (
					"$(inherited)",
					"@executable_path/Frameworks",
				);
				PRODUCT_BUNDLE_IDENTIFIER = "LNC.Checklist-App";
				PRODUCT_NAME = "$(TARGET_NAME)";
				SWIFT_VERSION = 5.0;
				TARGETED_DEVICE_FAMILY = "1,2";
			};
			name = Debug;
		};
		97F64470228081D3003A8804 /* Release */ = {
			isa = XCBuildConfiguration;
			buildSettings = {
				ASSETCATALOG_COMPILER_APPICON_NAME = AppIcon;
				CODE_SIGN_STYLE = Automatic;
				DEVELOPMENT_TEAM = 48V3J7K575;
				INFOPLIST_FILE = "Checklist App/Info.plist";
				LD_RUNPATH_SEARCH_PATHS = (
					"$(inherited)",
					"@executable_path/Frameworks",
				);
				PRODUCT_BUNDLE_IDENTIFIER = "LNC.Checklist-App";
				PRODUCT_NAME = "$(TARGET_NAME)";
				SWIFT_VERSION = 5.0;
				TARGETED_DEVICE_FAMILY = "1,2";
			};
			name = Release;
		};
/* End XCBuildConfiguration section */

/* Begin XCConfigurationList section */
		97F64454228081D3003A8804 /* Build configuration list for PBXProject "Checklist App" */ = {
			isa = XCConfigurationList;
			buildConfigurations = (
				97F6446C228081D3003A8804 /* Debug */,
				97F6446D228081D3003A8804 /* Release */,
			);
			defaultConfigurationIsVisible = 0;
			defaultConfigurationName = Release;
		};
		97F6446E228081D3003A8804 /* Build configuration list for PBXNativeTarget "Checklist App" */ = {
			isa = XCConfigurationList;
			buildConfigurations = (
				97F6446F228081D3003A8804 /* Debug */,
				97F64470228081D3003A8804 /* Release */,
			);
			defaultConfigurationIsVisible = 0;
			defaultConfigurationName = Release;
		};
/* End XCConfigurationList section */

/* Begin XCVersionGroup section */
		97F64463228081D3003A8804 /* Checklist_App.xcdatamodeld */ = {
			isa = XCVersionGroup;
			children = (
				97F64464228081D3003A8804 /* Checklist_App.xcdatamodel */,
			);
			currentVersion = 97F64464228081D3003A8804 /* Checklist_App.xcdatamodel */;
			path = Checklist_App.xcdatamodeld;
			sourceTree = "<group>";
			versionGroupType = wrapper.xcdatamodel;
		};
/* End XCVersionGroup section */
	};
	rootObject = 97F64451228081D3003A8804 /* Project object */;
}
